
Microsoft Visual Studio Solution File, Format Version 12.00
# Visual Studio Version 16
VisualStudioVersion = 16.0.30621.155
MinimumVisualStudioVersion = 10.0.40219.1
Project("{8BC9CEB8-8B4A-11D0-8D11-00A0C91BC942}") = "Hash_Lab1", "Hash_Lab1.vcxproj", "{D837BDFE-0F6E-47EA-BBFA-725F2AD3FC46}"
EndProject
Global
	GlobalSection(SolutionConfigurationPlatforms) = preSolution
		Debug|x64 = Debug|x64
		Debug|x86 = Debug|x86
		Release|x64 = Release|x64
		Release|x86 = Release|x86
	EndGlobalSection
	GlobalSection(ProjectConfigurationPlatforms) = postSolution
		{D837BDFE-0F6E-47EA-BBFA-725F2AD3FC46}.Debug|x64.ActiveCfg = Debug|x64
		{D837BDFE-0F6E-47EA-BBFA-725F2AD3FC46}.Debug|x64.Build.0 = Debug|x64
		{D837BDFE-0F6E-47EA-BBFA-725F2AD3FC46}.Debug|x86.ActiveCfg = Debug|Win32
		{D837BDFE-0F6E-47EA-BBFA-725F2AD3FC46}.Debug|x86.Build.0 = Debug|Win32
		{D837BDFE-0F6E-47EA-BBFA-725F2AD3FC46}.Release|x64.ActiveCfg = Release|x64
		{D837BDFE-0F6E-47EA-BBFA-725F2AD3FC46}.Release|x64.Build.0 = Release|x64
		{D837BDFE-0F6E-47EA-BBFA-725F2AD3FC46}.Release|x86.ActiveCfg = Release|Win32
		{D837BDFE-0F6E-47EA-BBFA-725F2AD3FC46}.Release|x86.Build.0 = Release|Win32
	EndGlobalSection
	GlobalSection(SolutionProperties) = preSolution
		HideSolutionNode = FALSE
	EndGlobalSection
	GlobalSection(ExtensibilityGlobals) = postSolution
		SolutionGuid = {61E96618-0AFB-4EFD-B23B-68F2462037DF}
	EndGlobalSection
EndGlobal
